
Microsoft Visual Studio Solution File, Format Version 12.00
# Visual Studio Version 17
VisualStudioVersion = 17.0.32112.339
MinimumVisualStudioVersion = 10.0.40219.1
Project("{FAE04EC0-301F-11D3-BF4B-00C04F79EFBC}") = "IWantApp", "IWantApp.csproj", "{21B3E488-A659-4550-BF65-863FD2E2EA4D}"
EndProject
Global
	GlobalSection(SolutionConfigurationPlatforms) = preSolution
		Debug|Any CPU = Debug|Any CPU
		Release|Any CPU = Release|Any CPU
	EndGlobalSection
	GlobalSection(ProjectConfigurationPlatforms) = postSolution
		{21B3E488-A659-4550-BF65-863FD2E2EA4D}.Debug|Any CPU.ActiveCfg = Debug|Any CPU
		{21B3E488-A659-4550-BF65-863FD2E2EA4D}.Debug|Any CPU.Build.0 = Debug|Any CPU
		{21B3E488-A659-4550-BF65-863FD2E2EA4D}.Release|Any CPU.ActiveCfg = Release|Any CPU
		{21B3E488-A659-4550-BF65-863FD2E2EA4D}.Release|Any CPU.Build.0 = Release|Any CPU
	EndGlobalSection
	GlobalSection(SolutionProperties) = preSolution
		HideSolutionNode = FALSE
	EndGlobalSection
	GlobalSection(ExtensibilityGlobals) = postSolution
		SolutionGuid = {2D0ECEF3-77F8-4C26-B820-71CC18B6FC9A}
	EndGlobalSection
EndGlobal
